
Microsoft Visual Studio Solution File, Format Version 12.00
# Visual Studio Version 16
VisualStudioVersion = 16.0.31911.196
MinimumVisualStudioVersion = 10.0.40219.1
Project("{FAE04EC0-301F-11D3-BF4B-00C04F79EFBC}") = "TESTPROJECTCONSOLE", "TESTPROJECTCONSOLE\TESTPROJECTCONSOLE.csproj", "{C6A51DC9-20BD-429A-B369-70B2C6EFF644}"
EndProject
Global
	GlobalSection(SolutionConfigurationPlatforms) = preSolution
		Debug|Any CPU = Debug|Any CPU
		Release|Any CPU = Release|Any CPU
	EndGlobalSection
	GlobalSection(ProjectConfigurationPlatforms) = postSolution
		{C6A51DC9-20BD-429A-B369-70B2C6EFF644}.Debug|Any CPU.ActiveCfg = Debug|Any CPU
		{C6A51DC9-20BD-429A-B369-70B2C6EFF644}.Debug|Any CPU.Build.0 = Debug|Any CPU
		{C6A51DC9-20BD-429A-B369-70B2C6EFF644}.Release|Any CPU.ActiveCfg = Release|Any CPU
		{C6A51DC9-20BD-429A-B369-70B2C6EFF644}.Release|Any CPU.Build.0 = Release|Any CPU
	EndGlobalSection
	GlobalSection(SolutionProperties) = preSolution
		HideSolutionNode = FALSE
	EndGlobalSection
	GlobalSection(ExtensibilityGlobals) = postSolution
		SolutionGuid = {EA607F2C-F372-422C-9266-BA390D1C06CD}
	EndGlobalSection
EndGlobal
